<?xml version="1.0" encoding="utf-8"?>
<Project ToolsVersion="4.0" xmlns="http://schemas.microsoft.com/developer/msbuild/2003">
  <ItemGroup>
    <Filter Include="Source Files">
      <UniqueIdentifier>{4FC737F1-C7A5-4376-A066-2A32D752A2FF}</UniqueIdentifier>
      <Extensions>cpp;c;cc;cxx;c++;cppm;ixx;def;odl;idl;hpj;bat;asm;asmx</Extensions>
    </Filter>
    <Filter Include="Header Files">
      <UniqueIdentifier>{93995380-89BD-4b04-88EB-625FBE52EBFB}</UniqueIdentifier>
      <Extensions>h;hh;hpp;hxx;h++;hm;inl;inc;ipp;xsd</Extensions>
    </Filter>
    <Filter Include="Resource Files">
      <UniqueIdentifier>{67DA6AB6-F800-4c08-8B7A-83BB121AAD01}</UniqueIdentifier>
      <Extensions>rc;ico;cur;bmp;dlg;rc2;rct;bin;rgs;gif;jpg;jpeg;jpe;resx;tiff;tif;png;wav;mfcribbon-ms</Extensions>
    </Filter>
  </ItemGroup>
  <ItemGroup>
    <ClInclude Include="src\owd_static_lib_template_src.h">
      <Filter>Header Files</Filter>
    </ClInclude>
    <ClInclude Include="include\owd_graphics_.h">
      <Filter>Header Files</Filter>
    </ClInclude>
    <ClInclude Include="src\opengl\opengl.h">
      <Filter>Header Files</Filter>
    </ClInclude>
    <ClInclude Include="src\opengl\glew.h">
      <Filter>Header Files</Filter>
    </ClInclude>
    <ClInclude Include="src\opengl\glfw3.h">
      <Filter>Header Files</Filter>
    </ClInclude>
    <ClInclude Include="src\c_glsl_uniform.h">
      <Filter>Header Files</Filter>
    </ClInclude>
    <ClInclude Include="src\c_window.h">
      <Filter>Header Files</Filter>
    </ClInclude>
    <ClInclude Include="src\c_graphic_engine.h">
      <Filter>Header Files</Filter>
    </ClInclude>
    <ClInclude Include="src\c_index_buffer.h">
      <Filter>Header Files</Filter>
    </ClInclude>
    <ClInclude Include="src\c_mat4_uniform.h">
      <Filter>Header Files</Filter>
    </ClInclude>
    <ClInclude Include="src\c_shader.h">
      <Filter>Header Files</Filter>
    </ClInclude>
    <ClInclude Include="src\c_shader_bank.h">
      <Filter>Header Files</Filter>
    </ClInclude>
    <ClInclude Include="src\c_texture.h">
      <Filter>Header Files</Filter>
    </ClInclude>
    <ClInclude Include="src\c_texture_bank.h">
      <Filter>Header Files</Filter>
    </ClInclude>
    <ClInclude Include="src\c_texture_uniform.h">
      <Filter>Header Files</Filter>
    </ClInclude>
    <ClInclude Include="src\c_vertex_array.h">
      <Filter>Header Files</Filter>
    </ClInclude>
    <ClInclude Include="src\c_vertex_buffer.h">
      <Filter>Header Files</Filter>
    </ClInclude>
    <ClInclude Include="src\c_vertex_buffer_element.h">
      <Filter>Header Files</Filter>
    </ClInclude>
    <ClInclude Include="src\c_vertex_buffer_layout.h">
      <Filter>Header Files</Filter>
    </ClInclude>
    <ClInclude Include="src\stb_image\stb_image.h">
      <Filter>Header Files</Filter>
    </ClInclude>
    <ClInclude Include="src\c_colour_uniform.h">
      <Filter>Header Files</Filter>
    </ClInclude>
    <ClInclude Include="src\batches\c_batch_handler.h">
      <Filter>Header Files</Filter>
    </ClInclude>
    <ClInclude Include="src\batches\c_graphic_batch.h">
      <Filter>Header Files</Filter>
    </ClInclude>
    <ClInclude Include="src\batches\c_graphic_batch_textured.h">
      <Filter>Header Files</Filter>
    </ClInclude>
    <ClInclude Include="src\batches\c_graphic_unit.h">
      <Filter>Header Files</Filter>
    </ClInclude>
    <ClInclude Include="src\batches\c_graphic_unit_textured.h">
      <Filter>Header Files</Filter>
    </ClInclude>
  </ItemGroup>
  <ItemGroup>
    <ClCompile Include="include\owd_graphics_.cpp">
      <Filter>Source Files</Filter>
    </ClCompile>
    <ClCompile Include="src\c_glsl_uniform.cpp">
      <Filter>Source Files</Filter>
    </ClCompile>
    <ClCompile Include="src\opengl\opengl.cpp">
      <Filter>Source Files</Filter>
    </ClCompile>
    <ClCompile Include="src\c_graphic_engine.cpp">
      <Filter>Source Files</Filter>
    </ClCompile>
    <ClCompile Include="src\c_index_buffer.cpp">
      <Filter>Source Files</Filter>
    </ClCompile>
    <ClCompile Include="src\c_mat4_uniform.cpp">
      <Filter>Source Files</Filter>
    </ClCompile>
    <ClCompile Include="src\c_shader.cpp">
      <Filter>Source Files</Filter>
    </ClCompile>
    <ClCompile Include="src\c_shader_bank.cpp">
      <Filter>Source Files</Filter>
    </ClCompile>
    <ClCompile Include="src\c_texture.cpp">
      <Filter>Source Files</Filter>
    </ClCompile>
    <ClCompile Include="src\c_texture_bank.cpp">
      <Filter>Source Files</Filter>
    </ClCompile>
    <ClCompile Include="src\c_texture_uniform.cpp">
      <Filter>Source Files</Filter>
    </ClCompile>
    <ClCompile Include="src\c_vertex_array.cpp">
      <Filter>Source Files</Filter>
    </ClCompile>
    <ClCompile Include="src\c_vertex_buffer.cpp">
      <Filter>Source Files</Filter>
    </ClCompile>
    <ClCompile Include="src\c_vertex_buffer_element.cpp">
      <Filter>Source Files</Filter>
    </ClCompile>
    <ClCompile Include="src\c_vertex_buffer_layout.cpp">
      <Filter>Source Files</Filter>
    </ClCompile>
    <ClCompile Include="src\c_window.cpp">
      <Filter>Source Files</Filter>
    </ClCompile>
    <ClCompile Include="src\stb_image\stb_image.cpp">
      <Filter>Source Files</Filter>
    </ClCompile>
    <ClCompile Include="src\c_colour_uniform.cpp">
      <Filter>Source Files</Filter>
    </ClCompile>
    <ClCompile Include="src\batches\c_batch_handler.cpp">
      <Filter>Source Files</Filter>
    </ClCompile>
    <ClCompile Include="src\batches\c_graphic_batch.cpp">
      <Filter>Source Files</Filter>
    </ClCompile>
    <ClCompile Include="src\batches\c_graphic_batch_textured.cpp">
      <Filter>Source Files</Filter>
    </ClCompile>
    <ClCompile Include="src\batches\c_graphic_unit.cpp">
      <Filter>Source Files</Filter>
    </ClCompile>
    <ClCompile Include="src\batches\c_graphic_unit_textured.cpp">
      <Filter>Source Files</Filter>
    </ClCompile>
  </ItemGroup>
</Project>